// !$*UTF8*$!
{
	archiveVersion = 1;
	classes = {
	};
	objectVersion = 56;
	objects = {

/* Begin PBXBuildFile section */
		0430EEF02C9441C400155C8A /* ForYouCollections.swift in Sources */ = {isa = PBXBuildFile; fileRef = 0430EEED2C9441C400155C8A /* ForYouCollections.swift */; };
		0430EEF12C9441C400155C8A /* ForYouCollectionViewCell.swift in Sources */ = {isa = PBXBuildFile; fileRef = 0430EEEE2C9441C400155C8A /* ForYouCollectionViewCell.swift */; };
		0430EEF22C9441C400155C8A /* ForYouViewController.swift in Sources */ = {isa = PBXBuildFile; fileRef = 0430EEEF2C9441C400155C8A /* ForYouViewController.swift */; };
		0430EEF42C94433000155C8A /* IngredientDetailView.swift in Sources */ = {isa = PBXBuildFile; fileRef = 0430EEF32C94433000155C8A /* IngredientDetailView.swift */; };
		0430EEF62C9445D300155C8A /* Storyboard.storyboard in Resources */ = {isa = PBXBuildFile; fileRef = 0430EEF52C9445D300155C8A /* Storyboard.storyboard */; };
		0430EEF82C947C7A00155C8A /* Observables.swift in Sources */ = {isa = PBXBuildFile; fileRef = 0430EEF72C947C7A00155C8A /* Observables.swift */; };
		048775D02C9D2007006812C7 /* DataController.swift in Sources */ = {isa = PBXBuildFile; fileRef = 048775CF2C9D2007006812C7 /* DataController.swift */; };
		048776362C9D2C22006812C7 /* Nutritions.plist in Resources */ = {isa = PBXBuildFile; fileRef = 048776352C9D2C22006812C7 /* Nutritions.plist */; };
		048776492C9D3F43006812C7 /* Ingredients+CoreDataClass.swift in Sources */ = {isa = PBXBuildFile; fileRef = 048776432C9D3F43006812C7 /* Ingredients+CoreDataClass.swift */; };
		0487764A2C9D3F43006812C7 /* Ingredients+CoreDataProperties.swift in Sources */ = {isa = PBXBuildFile; fileRef = 048776442C9D3F43006812C7 /* Ingredients+CoreDataProperties.swift */; };
		0487764B2C9D3F43006812C7 /* Nutritions+CoreDataClass.swift in Sources */ = {isa = PBXBuildFile; fileRef = 048776452C9D3F43006812C7 /* Nutritions+CoreDataClass.swift */; };
		0487764C2C9D3F43006812C7 /* Nutritions+CoreDataProperties.swift in Sources */ = {isa = PBXBuildFile; fileRef = 048776462C9D3F43006812C7 /* Nutritions+CoreDataProperties.swift */; };
		0487764D2C9D3F43006812C7 /* Allergy+CoreDataClass.swift in Sources */ = {isa = PBXBuildFile; fileRef = 048776472C9D3F43006812C7 /* Allergy+CoreDataClass.swift */; };
		0487764E2C9D3F43006812C7 /* Allergy+CoreDataProperties.swift in Sources */ = {isa = PBXBuildFile; fileRef = 048776482C9D3F43006812C7 /* Allergy+CoreDataProperties.swift */; };
		04A17CE42C9933570067E6F1 /* BabyProfileView.swift in Sources */ = {isa = PBXBuildFile; fileRef = 04A17CE32C9933570067E6F1 /* BabyProfileView.swift */; };
		04A17CE62C9933710067E6F1 /* ProfileView.swift in Sources */ = {isa = PBXBuildFile; fileRef = 04A17CE52C9933710067E6F1 /* ProfileView.swift */; };
		04A17CE82C9933980067E6F1 /* AccountView.swift in Sources */ = {isa = PBXBuildFile; fileRef = 04A17CE72C9933980067E6F1 /* AccountView.swift */; };
		04A17CEA2C9933A40067E6F1 /* ChangePasswordView.swift in Sources */ = {isa = PBXBuildFile; fileRef = 04A17CE92C9933A40067E6F1 /* ChangePasswordView.swift */; };
		04A17CEC2C993E230067E6F1 /* InputAllergiesView.swift in Sources */ = {isa = PBXBuildFile; fileRef = 04A17CEB2C993E230067E6F1 /* InputAllergiesView.swift */; };
		04B0887A2C92A7DF00047A37 /* BambinoutApp.swift in Sources */ = {isa = PBXBuildFile; fileRef = 04B088792C92A7DF00047A37 /* BambinoutApp.swift */; };
		04B0887C2C92A7DF00047A37 /* ContentView.swift in Sources */ = {isa = PBXBuildFile; fileRef = 04B0887B2C92A7DF00047A37 /* ContentView.swift */; };
		04B0887E2C92A7E100047A37 /* Assets.xcassets in Resources */ = {isa = PBXBuildFile; fileRef = 04B0887D2C92A7E100047A37 /* Assets.xcassets */; };
		04B088812C92A7E100047A37 /* Preview Assets.xcassets in Resources */ = {isa = PBXBuildFile; fileRef = 04B088802C92A7E100047A37 /* Preview Assets.xcassets */; };
		04B0888B2C92A7E100047A37 /* BambinoutTests.swift in Sources */ = {isa = PBXBuildFile; fileRef = 04B0888A2C92A7E100047A37 /* BambinoutTests.swift */; };
		04B088952C92A7E100047A37 /* BambinoutUITests.swift in Sources */ = {isa = PBXBuildFile; fileRef = 04B088942C92A7E100047A37 /* BambinoutUITests.swift */; };
		04B088972C92A7E100047A37 /* BambinoutUITestsLaunchTests.swift in Sources */ = {isa = PBXBuildFile; fileRef = 04B088962C92A7E100047A37 /* BambinoutUITestsLaunchTests.swift */; };
		04B088A42C93C79400047A37 /* Data.swift in Sources */ = {isa = PBXBuildFile; fileRef = 04B088A32C93C79400047A37 /* Data.swift */; };
		04B088C02C9408C800047A37 /* TampilanData.swift in Sources */ = {isa = PBXBuildFile; fileRef = 04B088BF2C9408C800047A37 /* TampilanData.swift */; };
		04B088C22C940EFD00047A37 /* IngredientsView.swift in Sources */ = {isa = PBXBuildFile; fileRef = 04B088C12C940EFD00047A37 /* IngredientsView.swift */; };
		04B088C42C940F4200047A37 /* ForYouView.swift in Sources */ = {isa = PBXBuildFile; fileRef = 04B088C32C940F4200047A37 /* ForYouView.swift */; };
		04B088C62C940F6D00047A37 /* TrackerView.swift in Sources */ = {isa = PBXBuildFile; fileRef = 04B088C52C940F6D00047A37 /* TrackerView.swift */; };
		04B088C82C94100800047A37 /* TabBarView.swift in Sources */ = {isa = PBXBuildFile; fileRef = 04B088C72C94100800047A37 /* TabBarView.swift */; };
		04B088D02C9A6D9C00047A37 /* SearchDataModel.swift in Sources */ = {isa = PBXBuildFile; fileRef = 04B088CF2C9A6D9C00047A37 /* SearchDataModel.swift */; };
		04B088D32C9A867E00047A37 /* IngredientsCollections.swift in Sources */ = {isa = PBXBuildFile; fileRef = 04B088D22C9A867E00047A37 /* IngredientsCollections.swift */; };
		04B088D52C9A86B600047A37 /* IngredientsCollectionsviewCell.swift in Sources */ = {isa = PBXBuildFile; fileRef = 04B088D42C9A86B600047A37 /* IngredientsCollectionsviewCell.swift */; };
		04B088D72C9A870400047A37 /* IngredientsController.swift in Sources */ = {isa = PBXBuildFile; fileRef = 04B088D62C9A870400047A37 /* IngredientsController.swift */; };
		04B703F62C9937680066042B /* InputWeightView.swift in Sources */ = {isa = PBXBuildFile; fileRef = 04B703F52C9937680066042B /* InputWeightView.swift */; };
		04B703F92C9A7F0B0066042B /* MonthPickerView.swift in Sources */ = {isa = PBXBuildFile; fileRef = 04B703F82C9A7F0B0066042B /* MonthPickerView.swift */; };
		04B703FE2C9A8D8F0066042B /* GrowthChartView.swift in Sources */ = {isa = PBXBuildFile; fileRef = 04B703FD2C9A8D8F0066042B /* GrowthChartView.swift */; };
		04B704042C9BCF270066042B /* WeightInfoView.swift in Sources */ = {isa = PBXBuildFile; fileRef = 04B704032C9BCF270066042B /* WeightInfoView.swift */; };
		04C62C702CA0FF0E008EB805 /* Bambinaut.xcdatamodeld in Sources */ = {isa = PBXBuildFile; fileRef = 04C62C6E2CA0FF0E008EB805 /* Bambinaut.xcdatamodeld */; };
		04E27CAF2CA1179100A62DAA /* Ingredients.swift in Sources */ = {isa = PBXBuildFile; fileRef = 04E27CAE2CA1179100A62DAA /* Ingredients.swift */; };
		04E27CB12CA118AF00A62DAA /* Allergy.swift in Sources */ = {isa = PBXBuildFile; fileRef = 04E27CB02CA118AF00A62DAA /* Allergy.swift */; };
		04E27CB42CA1197B00A62DAA /* ModelContainer.swift in Sources */ = {isa = PBXBuildFile; fileRef = 04E27CB32CA1197B00A62DAA /* ModelContainer.swift */; };
		04E27CBA2CA1222500A62DAA /* Nutrition.swift in Sources */ = {isa = PBXBuildFile; fileRef = 04E27CB92CA1222500A62DAA /* Nutrition.swift */; };
		04E27CBC2CA1257F00A62DAA /* Baby.swift in Sources */ = {isa = PBXBuildFile; fileRef = 04E27CBB2CA1257F00A62DAA /* Baby.swift */; };
/* End PBXBuildFile section */

/* Begin PBXContainerItemProxy section */
		04B088872C92A7E100047A37 /* PBXContainerItemProxy */ = {
			isa = PBXContainerItemProxy;
			containerPortal = 04B0886E2C92A7DF00047A37 /* Project object */;
			proxyType = 1;
			remoteGlobalIDString = 04B088752C92A7DF00047A37;
			remoteInfo = Bambinout;
		};
		04B088912C92A7E100047A37 /* PBXContainerItemProxy */ = {
			isa = PBXContainerItemProxy;
			containerPortal = 04B0886E2C92A7DF00047A37 /* Project object */;
			proxyType = 1;
			remoteGlobalIDString = 04B088752C92A7DF00047A37;
			remoteInfo = Bambinout;
		};
/* End PBXContainerItemProxy section */

/* Begin PBXFileReference section */
		0430EEED2C9441C400155C8A /* ForYouCollections.swift */ = {isa = PBXFileReference; fileEncoding = 4; lastKnownFileType = sourcecode.swift; path = ForYouCollections.swift; sourceTree = "<group>"; };
		0430EEEE2C9441C400155C8A /* ForYouCollectionViewCell.swift */ = {isa = PBXFileReference; fileEncoding = 4; lastKnownFileType = sourcecode.swift; path = ForYouCollectionViewCell.swift; sourceTree = "<group>"; };
		0430EEEF2C9441C400155C8A /* ForYouViewController.swift */ = {isa = PBXFileReference; fileEncoding = 4; lastKnownFileType = sourcecode.swift; path = ForYouViewController.swift; sourceTree = "<group>"; };
		0430EEF32C94433000155C8A /* IngredientDetailView.swift */ = {isa = PBXFileReference; lastKnownFileType = sourcecode.swift; path = IngredientDetailView.swift; sourceTree = "<group>"; };
		0430EEF52C9445D300155C8A /* Storyboard.storyboard */ = {isa = PBXFileReference; lastKnownFileType = file.storyboard; path = Storyboard.storyboard; sourceTree = "<group>"; };
		0430EEF72C947C7A00155C8A /* Observables.swift */ = {isa = PBXFileReference; lastKnownFileType = sourcecode.swift; path = Observables.swift; sourceTree = "<group>"; };
		048775CF2C9D2007006812C7 /* DataController.swift */ = {isa = PBXFileReference; lastKnownFileType = sourcecode.swift; name = DataController.swift; path = Bambinout/DataController.swift; sourceTree = SOURCE_ROOT; };
		048776352C9D2C22006812C7 /* Nutritions.plist */ = {isa = PBXFileReference; lastKnownFileType = text.plist.xml; path = Nutritions.plist; sourceTree = "<group>"; };
		048776432C9D3F43006812C7 /* Ingredients+CoreDataClass.swift */ = {isa = PBXFileReference; lastKnownFileType = sourcecode.swift; path = "Ingredients+CoreDataClass.swift"; sourceTree = "<group>"; };
		048776442C9D3F43006812C7 /* Ingredients+CoreDataProperties.swift */ = {isa = PBXFileReference; lastKnownFileType = sourcecode.swift; path = "Ingredients+CoreDataProperties.swift"; sourceTree = "<group>"; };
		048776452C9D3F43006812C7 /* Nutritions+CoreDataClass.swift */ = {isa = PBXFileReference; lastKnownFileType = sourcecode.swift; path = "Nutritions+CoreDataClass.swift"; sourceTree = "<group>"; };
		048776462C9D3F43006812C7 /* Nutritions+CoreDataProperties.swift */ = {isa = PBXFileReference; lastKnownFileType = sourcecode.swift; path = "Nutritions+CoreDataProperties.swift"; sourceTree = "<group>"; };
		048776472C9D3F43006812C7 /* Allergy+CoreDataClass.swift */ = {isa = PBXFileReference; lastKnownFileType = sourcecode.swift; path = "Allergy+CoreDataClass.swift"; sourceTree = "<group>"; };
		048776482C9D3F43006812C7 /* Allergy+CoreDataProperties.swift */ = {isa = PBXFileReference; lastKnownFileType = sourcecode.swift; path = "Allergy+CoreDataProperties.swift"; sourceTree = "<group>"; };
		04A17CE32C9933570067E6F1 /* BabyProfileView.swift */ = {isa = PBXFileReference; lastKnownFileType = sourcecode.swift; path = BabyProfileView.swift; sourceTree = "<group>"; };
		04A17CE52C9933710067E6F1 /* ProfileView.swift */ = {isa = PBXFileReference; lastKnownFileType = sourcecode.swift; path = ProfileView.swift; sourceTree = "<group>"; };
		04A17CE72C9933980067E6F1 /* AccountView.swift */ = {isa = PBXFileReference; lastKnownFileType = sourcecode.swift; path = AccountView.swift; sourceTree = "<group>"; };
		04A17CE92C9933A40067E6F1 /* ChangePasswordView.swift */ = {isa = PBXFileReference; lastKnownFileType = sourcecode.swift; path = ChangePasswordView.swift; sourceTree = "<group>"; };
		04A17CEB2C993E230067E6F1 /* InputAllergiesView.swift */ = {isa = PBXFileReference; lastKnownFileType = sourcecode.swift; path = InputAllergiesView.swift; sourceTree = "<group>"; };
		04B088762C92A7DF00047A37 /* Bambinout.app */ = {isa = PBXFileReference; explicitFileType = wrapper.application; includeInIndex = 0; path = Bambinout.app; sourceTree = BUILT_PRODUCTS_DIR; };
		04B088792C92A7DF00047A37 /* BambinoutApp.swift */ = {isa = PBXFileReference; lastKnownFileType = sourcecode.swift; path = BambinoutApp.swift; sourceTree = "<group>"; };
		04B0887B2C92A7DF00047A37 /* ContentView.swift */ = {isa = PBXFileReference; lastKnownFileType = sourcecode.swift; path = ContentView.swift; sourceTree = "<group>"; };
		04B0887D2C92A7E100047A37 /* Assets.xcassets */ = {isa = PBXFileReference; lastKnownFileType = folder.assetcatalog; path = Assets.xcassets; sourceTree = "<group>"; };
		04B088802C92A7E100047A37 /* Preview Assets.xcassets */ = {isa = PBXFileReference; lastKnownFileType = folder.assetcatalog; path = "Preview Assets.xcassets"; sourceTree = "<group>"; };
		04B088862C92A7E100047A37 /* BambinoutTests.xctest */ = {isa = PBXFileReference; explicitFileType = wrapper.cfbundle; includeInIndex = 0; path = BambinoutTests.xctest; sourceTree = BUILT_PRODUCTS_DIR; };
		04B0888A2C92A7E100047A37 /* BambinoutTests.swift */ = {isa = PBXFileReference; lastKnownFileType = sourcecode.swift; path = BambinoutTests.swift; sourceTree = "<group>"; };
		04B088902C92A7E100047A37 /* BambinoutUITests.xctest */ = {isa = PBXFileReference; explicitFileType = wrapper.cfbundle; includeInIndex = 0; path = BambinoutUITests.xctest; sourceTree = BUILT_PRODUCTS_DIR; };
		04B088942C92A7E100047A37 /* BambinoutUITests.swift */ = {isa = PBXFileReference; lastKnownFileType = sourcecode.swift; path = BambinoutUITests.swift; sourceTree = "<group>"; };
		04B088962C92A7E100047A37 /* BambinoutUITestsLaunchTests.swift */ = {isa = PBXFileReference; lastKnownFileType = sourcecode.swift; path = BambinoutUITestsLaunchTests.swift; sourceTree = "<group>"; };
		04B088A32C93C79400047A37 /* Data.swift */ = {isa = PBXFileReference; lastKnownFileType = sourcecode.swift; path = Data.swift; sourceTree = "<group>"; };
		04B088BF2C9408C800047A37 /* TampilanData.swift */ = {isa = PBXFileReference; lastKnownFileType = sourcecode.swift; path = TampilanData.swift; sourceTree = "<group>"; };
		04B088C12C940EFD00047A37 /* IngredientsView.swift */ = {isa = PBXFileReference; lastKnownFileType = sourcecode.swift; path = IngredientsView.swift; sourceTree = "<group>"; };
		04B088C32C940F4200047A37 /* ForYouView.swift */ = {isa = PBXFileReference; lastKnownFileType = sourcecode.swift; path = ForYouView.swift; sourceTree = "<group>"; };
		04B088C52C940F6D00047A37 /* TrackerView.swift */ = {isa = PBXFileReference; lastKnownFileType = sourcecode.swift; path = TrackerView.swift; sourceTree = "<group>"; };
		04B088C72C94100800047A37 /* TabBarView.swift */ = {isa = PBXFileReference; lastKnownFileType = sourcecode.swift; path = TabBarView.swift; sourceTree = "<group>"; };
		04B088CF2C9A6D9C00047A37 /* SearchDataModel.swift */ = {isa = PBXFileReference; lastKnownFileType = sourcecode.swift; path = SearchDataModel.swift; sourceTree = "<group>"; };
		04B088D22C9A867E00047A37 /* IngredientsCollections.swift */ = {isa = PBXFileReference; lastKnownFileType = sourcecode.swift; path = IngredientsCollections.swift; sourceTree = "<group>"; };
		04B088D42C9A86B600047A37 /* IngredientsCollectionsviewCell.swift */ = {isa = PBXFileReference; lastKnownFileType = sourcecode.swift; path = IngredientsCollectionsviewCell.swift; sourceTree = "<group>"; };
		04B088D62C9A870400047A37 /* IngredientsController.swift */ = {isa = PBXFileReference; lastKnownFileType = sourcecode.swift; path = IngredientsController.swift; sourceTree = "<group>"; };
		04B703F52C9937680066042B /* InputWeightView.swift */ = {isa = PBXFileReference; lastKnownFileType = sourcecode.swift; path = InputWeightView.swift; sourceTree = "<group>"; };
		04B703F82C9A7F0B0066042B /* MonthPickerView.swift */ = {isa = PBXFileReference; lastKnownFileType = sourcecode.swift; path = MonthPickerView.swift; sourceTree = "<group>"; };
		04B703FD2C9A8D8F0066042B /* GrowthChartView.swift */ = {isa = PBXFileReference; lastKnownFileType = sourcecode.swift; path = GrowthChartView.swift; sourceTree = "<group>"; };
		04B704032C9BCF270066042B /* WeightInfoView.swift */ = {isa = PBXFileReference; lastKnownFileType = sourcecode.swift; path = WeightInfoView.swift; sourceTree = "<group>"; };
		04C62C6F2CA0FF0E008EB805 /* Bambinaut.xcdatamodel */ = {isa = PBXFileReference; lastKnownFileType = wrapper.xcdatamodel; path = Bambinaut.xcdatamodel; sourceTree = "<group>"; };
		04E27CAE2CA1179100A62DAA /* Ingredients.swift */ = {isa = PBXFileReference; lastKnownFileType = sourcecode.swift; path = Ingredients.swift; sourceTree = "<group>"; };
		04E27CB02CA118AF00A62DAA /* Allergy.swift */ = {isa = PBXFileReference; lastKnownFileType = sourcecode.swift; path = Allergy.swift; sourceTree = "<group>"; };
		04E27CB32CA1197B00A62DAA /* ModelContainer.swift */ = {isa = PBXFileReference; lastKnownFileType = sourcecode.swift; path = ModelContainer.swift; sourceTree = "<group>"; };
		04E27CB92CA1222500A62DAA /* Nutrition.swift */ = {isa = PBXFileReference; lastKnownFileType = sourcecode.swift; path = Nutrition.swift; sourceTree = "<group>"; };
		04E27CBB2CA1257F00A62DAA /* Baby.swift */ = {isa = PBXFileReference; lastKnownFileType = sourcecode.swift; path = Baby.swift; sourceTree = "<group>"; };
/* End PBXFileReference section */

/* Begin PBXFrameworksBuildPhase section */
		04B088732C92A7DF00047A37 /* Frameworks */ = {
			isa = PBXFrameworksBuildPhase;
			buildActionMask = 2147483647;
			files = (
			);
			runOnlyForDeploymentPostprocessing = 0;
		};
		04B088832C92A7E100047A37 /* Frameworks */ = {
			isa = PBXFrameworksBuildPhase;
			buildActionMask = 2147483647;
			files = (
			);
			runOnlyForDeploymentPostprocessing = 0;
		};
		04B0888D2C92A7E100047A37 /* Frameworks */ = {
			isa = PBXFrameworksBuildPhase;
			buildActionMask = 2147483647;
			files = (
			);
			runOnlyForDeploymentPostprocessing = 0;
		};
/* End PBXFrameworksBuildPhase section */

/* Begin PBXGroup section */
		0416C4C92C9C583800846297 /* Model */ = {
			isa = PBXGroup;
			children = (
				048775CF2C9D2007006812C7 /* DataController.swift */,
				048776352C9D2C22006812C7 /* Nutritions.plist */,
				04E27CAE2CA1179100A62DAA /* Ingredients.swift */,
				04E27CB02CA118AF00A62DAA /* Allergy.swift */,
				04E27CB32CA1197B00A62DAA /* ModelContainer.swift */,
				04E27CB92CA1222500A62DAA /* Nutrition.swift */,
				04E27CBB2CA1257F00A62DAA /* Baby.swift */,
			);
			path = Model;
			sourceTree = "<group>";
		};
		0430EEEC2C94418600155C8A /* Controller */ = {
			isa = PBXGroup;
			children = (
				04B088D12C9A866400047A37 /* Ingredients */,
				04ED81472C9A7E39001E7303 /* ForYou */,
			);
			path = Controller;
			sourceTree = "<group>";
		};
		04B0886D2C92A7DF00047A37 = {
			isa = PBXGroup;
			children = (
				04C62C6E2CA0FF0E008EB805 /* Bambinaut.xcdatamodeld */,
				048776432C9D3F43006812C7 /* Ingredients+CoreDataClass.swift */,
				048776442C9D3F43006812C7 /* Ingredients+CoreDataProperties.swift */,
				048776452C9D3F43006812C7 /* Nutritions+CoreDataClass.swift */,
				048776462C9D3F43006812C7 /* Nutritions+CoreDataProperties.swift */,
				048776472C9D3F43006812C7 /* Allergy+CoreDataClass.swift */,
				048776482C9D3F43006812C7 /* Allergy+CoreDataProperties.swift */,
				04B088782C92A7DF00047A37 /* Bambinout */,
				04B088892C92A7E100047A37 /* BambinoutTests */,
				04B088932C92A7E100047A37 /* BambinoutUITests */,
				04B088772C92A7DF00047A37 /* Products */,
			);
			sourceTree = "<group>";
		};
		04B088772C92A7DF00047A37 /* Products */ = {
			isa = PBXGroup;
			children = (
				04B088762C92A7DF00047A37 /* Bambinout.app */,
				04B088862C92A7E100047A37 /* BambinoutTests.xctest */,
				04B088902C92A7E100047A37 /* BambinoutUITests.xctest */,
			);
			name = Products;
			sourceTree = "<group>";
		};
		04B088782C92A7DF00047A37 /* Bambinout */ = {
			isa = PBXGroup;
			children = (
				0416C4C92C9C583800846297 /* Model */,
				04B703F72C9A7EEE0066042B /* Components */,
				0430EEEC2C94418600155C8A /* Controller */,
				04B088792C92A7DF00047A37 /* BambinoutApp.swift */,
				0430EEF32C94433000155C8A /* IngredientDetailView.swift */,
				04B0887B2C92A7DF00047A37 /* ContentView.swift */,
				04B0887D2C92A7E100047A37 /* Assets.xcassets */,
				04B0887F2C92A7E100047A37 /* Preview Content */,
				04B088A32C93C79400047A37 /* Data.swift */,
				04B088BF2C9408C800047A37 /* TampilanData.swift */,
				04B088C12C940EFD00047A37 /* IngredientsView.swift */,
				04B088C32C940F4200047A37 /* ForYouView.swift */,
				04B088C52C940F6D00047A37 /* TrackerView.swift */,
				04B088C72C94100800047A37 /* TabBarView.swift */,
				0430EEF52C9445D300155C8A /* Storyboard.storyboard */,
				0430EEF72C947C7A00155C8A /* Observables.swift */,
				04B703F52C9937680066042B /* InputWeightView.swift */,
				04B704032C9BCF270066042B /* WeightInfoView.swift */,
				04A17CE32C9933570067E6F1 /* BabyProfileView.swift */,
				04A17CE52C9933710067E6F1 /* ProfileView.swift */,
				04A17CE72C9933980067E6F1 /* AccountView.swift */,
				04A17CE92C9933A40067E6F1 /* ChangePasswordView.swift */,
				04A17CEB2C993E230067E6F1 /* InputAllergiesView.swift */,
				04B088CF2C9A6D9C00047A37 /* SearchDataModel.swift */,
			);
			path = Bambinout;
			sourceTree = "<group>";
		};
		04B0887F2C92A7E100047A37 /* Preview Content */ = {
			isa = PBXGroup;
			children = (
				04B088802C92A7E100047A37 /* Preview Assets.xcassets */,
			);
			path = "Preview Content";
			sourceTree = "<group>";
		};
		04B088892C92A7E100047A37 /* BambinoutTests */ = {
			isa = PBXGroup;
			children = (
				04B0888A2C92A7E100047A37 /* BambinoutTests.swift */,
			);
			path = BambinoutTests;
			sourceTree = "<group>";
		};
		04B088932C92A7E100047A37 /* BambinoutUITests */ = {
			isa = PBXGroup;
			children = (
				04B088942C92A7E100047A37 /* BambinoutUITests.swift */,
				04B088962C92A7E100047A37 /* BambinoutUITestsLaunchTests.swift */,
			);
			path = BambinoutUITests;
			sourceTree = "<group>";
		};
		04B088D12C9A866400047A37 /* Ingredients */ = {
			isa = PBXGroup;
			children = (
				04B088D22C9A867E00047A37 /* IngredientsCollections.swift */,
				04B088D42C9A86B600047A37 /* IngredientsCollectionsviewCell.swift */,
				04B088D62C9A870400047A37 /* IngredientsController.swift */,
			);
			path = Ingredients;
			sourceTree = "<group>";
		};
		04B703F72C9A7EEE0066042B /* Components */ = {
			isa = PBXGroup;
			children = (
				04B703F82C9A7F0B0066042B /* MonthPickerView.swift */,
				04B703FD2C9A8D8F0066042B /* GrowthChartView.swift */,
			);
			path = Components;
			sourceTree = "<group>";
		};
		04ED81472C9A7E39001E7303 /* ForYou */ = {
			isa = PBXGroup;
			children = (
				0430EEED2C9441C400155C8A /* ForYouCollections.swift */,
				0430EEEE2C9441C400155C8A /* ForYouCollectionViewCell.swift */,
				0430EEEF2C9441C400155C8A /* ForYouViewController.swift */,
			);
			path = ForYou;
			sourceTree = "<group>";
		};
/* End PBXGroup section */

/* Begin PBXNativeTarget section */
		04B088752C92A7DF00047A37 /* Bambinout */ = {
			isa = PBXNativeTarget;
			buildConfigurationList = 04B0889A2C92A7E100047A37 /* Build configuration list for PBXNativeTarget "Bambinout" */;
			buildPhases = (
				04B088722C92A7DF00047A37 /* Sources */,
				04B088732C92A7DF00047A37 /* Frameworks */,
				04B088742C92A7DF00047A37 /* Resources */,
			);
			buildRules = (
			);
			dependencies = (
			);
			name = Bambinout;
			productName = Bambinout;
			productReference = 04B088762C92A7DF00047A37 /* Bambinout.app */;
			productType = "com.apple.product-type.application";
		};
		04B088852C92A7E100047A37 /* BambinoutTests */ = {
			isa = PBXNativeTarget;
			buildConfigurationList = 04B0889D2C92A7E100047A37 /* Build configuration list for PBXNativeTarget "BambinoutTests" */;
			buildPhases = (
				04B088822C92A7E100047A37 /* Sources */,
				04B088832C92A7E100047A37 /* Frameworks */,
				04B088842C92A7E100047A37 /* Resources */,
			);
			buildRules = (
			);
			dependencies = (
				04B088882C92A7E100047A37 /* PBXTargetDependency */,
			);
			name = BambinoutTests;
			productName = BambinoutTests;
			productReference = 04B088862C92A7E100047A37 /* BambinoutTests.xctest */;
			productType = "com.apple.product-type.bundle.unit-test";
		};
		04B0888F2C92A7E100047A37 /* BambinoutUITests */ = {
			isa = PBXNativeTarget;
			buildConfigurationList = 04B088A02C92A7E100047A37 /* Build configuration list for PBXNativeTarget "BambinoutUITests" */;
			buildPhases = (
				04B0888C2C92A7E100047A37 /* Sources */,
				04B0888D2C92A7E100047A37 /* Frameworks */,
				04B0888E2C92A7E100047A37 /* Resources */,
			);
			buildRules = (
			);
			dependencies = (
				04B088922C92A7E100047A37 /* PBXTargetDependency */,
			);
			name = BambinoutUITests;
			productName = BambinoutUITests;
			productReference = 04B088902C92A7E100047A37 /* BambinoutUITests.xctest */;
			productType = "com.apple.product-type.bundle.ui-testing";
		};
/* End PBXNativeTarget section */

/* Begin PBXProject section */
		04B0886E2C92A7DF00047A37 /* Project object */ = {
			isa = PBXProject;
			attributes = {
				BuildIndependentTargetsInParallel = 1;
				LastSwiftUpdateCheck = 1530;
				LastUpgradeCheck = 1530;
				TargetAttributes = {
					04B088752C92A7DF00047A37 = {
						CreatedOnToolsVersion = 15.3;
					};
					04B088852C92A7E100047A37 = {
						CreatedOnToolsVersion = 15.3;
						TestTargetID = 04B088752C92A7DF00047A37;
					};
					04B0888F2C92A7E100047A37 = {
						CreatedOnToolsVersion = 15.3;
						TestTargetID = 04B088752C92A7DF00047A37;
					};
				};
			};
			buildConfigurationList = 04B088712C92A7DF00047A37 /* Build configuration list for PBXProject "Bambinout" */;
			compatibilityVersion = "Xcode 14.0";
			developmentRegion = en;
			hasScannedForEncodings = 0;
			knownRegions = (
				en,
				Base,
			);
			mainGroup = 04B0886D2C92A7DF00047A37;
			productRefGroup = 04B088772C92A7DF00047A37 /* Products */;
			projectDirPath = "";
			projectRoot = "";
			targets = (
				04B088752C92A7DF00047A37 /* Bambinout */,
				04B088852C92A7E100047A37 /* BambinoutTests */,
				04B0888F2C92A7E100047A37 /* BambinoutUITests */,
			);
		};
/* End PBXProject section */

/* Begin PBXResourcesBuildPhase section */
		04B088742C92A7DF00047A37 /* Resources */ = {
			isa = PBXResourcesBuildPhase;
			buildActionMask = 2147483647;
			files = (
				04B088812C92A7E100047A37 /* Preview Assets.xcassets in Resources */,
				04B0887E2C92A7E100047A37 /* Assets.xcassets in Resources */,
				0430EEF62C9445D300155C8A /* Storyboard.storyboard in Resources */,
			);
			runOnlyForDeploymentPostprocessing = 0;
		};
		04B088842C92A7E100047A37 /* Resources */ = {
			isa = PBXResourcesBuildPhase;
			buildActionMask = 2147483647;
			files = (
			);
			runOnlyForDeploymentPostprocessing = 0;
		};
		04B0888E2C92A7E100047A37 /* Resources */ = {
			isa = PBXResourcesBuildPhase;
			buildActionMask = 2147483647;
			files = (
			);
			runOnlyForDeploymentPostprocessing = 0;
		};
/* End PBXResourcesBuildPhase section */

/* Begin PBXSourcesBuildPhase section */
		04B088722C92A7DF00047A37 /* Sources */ = {
			isa = PBXSourcesBuildPhase;
			buildActionMask = 2147483647;
			files = (
				0430EEF82C947C7A00155C8A /* Observables.swift in Sources */,
				04B0887C2C92A7DF00047A37 /* ContentView.swift in Sources */,
				04E27CBC2CA1257F00A62DAA /* Baby.swift in Sources */,
				04B088D32C9A867E00047A37 /* IngredientsCollections.swift in Sources */,
				04A17CE42C9933570067E6F1 /* BabyProfileView.swift in Sources */,
				04B088D52C9A86B600047A37 /* IngredientsCollectionsviewCell.swift in Sources */,
				04E27CBA2CA1222500A62DAA /* Nutrition.swift in Sources */,
				04A17CEA2C9933A40067E6F1 /* ChangePasswordView.swift in Sources */,
				04B088C22C940EFD00047A37 /* IngredientsView.swift in Sources */,
				04B703F62C9937680066042B /* InputWeightView.swift in Sources */,
				04B703F92C9A7F0B0066042B /* MonthPickerView.swift in Sources */,
				04C62C702CA0FF0E008EB805 /* Bambinaut.xcdatamodeld in Sources */,
				04A17CE82C9933980067E6F1 /* AccountView.swift in Sources */,
				04A17CEC2C993E230067E6F1 /* InputAllergiesView.swift in Sources */,
				04B088C82C94100800047A37 /* TabBarView.swift in Sources */,
				04B088C62C940F6D00047A37 /* TrackerView.swift in Sources */,
				04E27CB42CA1197B00A62DAA /* ModelContainer.swift in Sources */,
				04B088C42C940F4200047A37 /* ForYouView.swift in Sources */,
				04B703FE2C9A8D8F0066042B /* GrowthChartView.swift in Sources */,
				04B704042C9BCF270066042B /* WeightInfoView.swift in Sources */,
				04B088D72C9A870400047A37 /* IngredientsController.swift in Sources */,
				04A17CE62C9933710067E6F1 /* ProfileView.swift in Sources */,
				0430EEF22C9441C400155C8A /* ForYouViewController.swift in Sources */,
				0430EEF12C9441C400155C8A /* ForYouCollectionViewCell.swift in Sources */,
				04B088C02C9408C800047A37 /* TampilanData.swift in Sources */,
				04B088A42C93C79400047A37 /* Data.swift in Sources */,
				0430EEF42C94433000155C8A /* IngredientDetailView.swift in Sources */,
				0430EEF02C9441C400155C8A /* ForYouCollections.swift in Sources */,
				04E27CB12CA118AF00A62DAA /* Allergy.swift in Sources */,
				04E27CAF2CA1179100A62DAA /* Ingredients.swift in Sources */,
				04B0887A2C92A7DF00047A37 /* BambinoutApp.swift in Sources */,
				04B088D02C9A6D9C00047A37 /* SearchDataModel.swift in Sources */,
			);
			runOnlyForDeploymentPostprocessing = 0;
		};
		04B088822C92A7E100047A37 /* Sources */ = {
			isa = PBXSourcesBuildPhase;
			buildActionMask = 2147483647;
			files = (
				04B0888B2C92A7E100047A37 /* BambinoutTests.swift in Sources */,
			);
			runOnlyForDeploymentPostprocessing = 0;
		};
		04B0888C2C92A7E100047A37 /* Sources */ = {
			isa = PBXSourcesBuildPhase;
			buildActionMask = 2147483647;
			files = (
				04B088972C92A7E100047A37 /* BambinoutUITestsLaunchTests.swift in Sources */,
				04B088952C92A7E100047A37 /* BambinoutUITests.swift in Sources */,
			);
			runOnlyForDeploymentPostprocessing = 0;
		};
/* End PBXSourcesBuildPhase section */

/* Begin PBXTargetDependency section */
		04B088882C92A7E100047A37 /* PBXTargetDependency */ = {
			isa = PBXTargetDependency;
			target = 04B088752C92A7DF00047A37 /* Bambinout */;
			targetProxy = 04B088872C92A7E100047A37 /* PBXContainerItemProxy */;
		};
		04B088922C92A7E100047A37 /* PBXTargetDependency */ = {
			isa = PBXTargetDependency;
			target = 04B088752C92A7DF00047A37 /* Bambinout */;
			targetProxy = 04B088912C92A7E100047A37 /* PBXContainerItemProxy */;
		};
/* End PBXTargetDependency section */

/* Begin XCBuildConfiguration section */
		04B088982C92A7E100047A37 /* Debug */ = {
			isa = XCBuildConfiguration;
			buildSettings = {
				ALWAYS_SEARCH_USER_PATHS = NO;
				ASSETCATALOG_COMPILER_GENERATE_SWIFT_ASSET_SYMBOL_EXTENSIONS = YES;
				CLANG_ANALYZER_NONNULL = YES;
				CLANG_ANALYZER_NUMBER_OBJECT_CONVERSION = YES_AGGRESSIVE;
				CLANG_CXX_LANGUAGE_STANDARD = "gnu++20";
				CLANG_ENABLE_MODULES = YES;
				CLANG_ENABLE_OBJC_ARC = YES;
				CLANG_ENABLE_OBJC_WEAK = YES;
				CLANG_WARN_BLOCK_CAPTURE_AUTORELEASING = YES;
				CLANG_WARN_BOOL_CONVERSION = YES;
				CLANG_WARN_COMMA = YES;
				CLANG_WARN_CONSTANT_CONVERSION = YES;
				CLANG_WARN_DEPRECATED_OBJC_IMPLEMENTATIONS = YES;
				CLANG_WARN_DIRECT_OBJC_ISA_USAGE = YES_ERROR;
				CLANG_WARN_DOCUMENTATION_COMMENTS = YES;
				CLANG_WARN_EMPTY_BODY = YES;
				CLANG_WARN_ENUM_CONVERSION = YES;
				CLANG_WARN_INFINITE_RECURSION = YES;
				CLANG_WARN_INT_CONVERSION = YES;
				CLANG_WARN_NON_LITERAL_NULL_CONVERSION = YES;
				CLANG_WARN_OBJC_IMPLICIT_RETAIN_SELF = YES;
				CLANG_WARN_OBJC_LITERAL_CONVERSION = YES;
				CLANG_WARN_OBJC_ROOT_CLASS = YES_ERROR;
				CLANG_WARN_QUOTED_INCLUDE_IN_FRAMEWORK_HEADER = YES;
				CLANG_WARN_RANGE_LOOP_ANALYSIS = YES;
				CLANG_WARN_STRICT_PROTOTYPES = YES;
				CLANG_WARN_SUSPICIOUS_MOVE = YES;
				CLANG_WARN_UNGUARDED_AVAILABILITY = YES_AGGRESSIVE;
				CLANG_WARN_UNREACHABLE_CODE = YES;
				CLANG_WARN__DUPLICATE_METHOD_MATCH = YES;
				COPY_PHASE_STRIP = NO;
				DEBUG_INFORMATION_FORMAT = dwarf;
				ENABLE_STRICT_OBJC_MSGSEND = YES;
				ENABLE_TESTABILITY = YES;
				ENABLE_USER_SCRIPT_SANDBOXING = YES;
				GCC_C_LANGUAGE_STANDARD = gnu17;
				GCC_DYNAMIC_NO_PIC = NO;
				GCC_NO_COMMON_BLOCKS = YES;
				GCC_OPTIMIZATION_LEVEL = 0;
				GCC_PREPROCESSOR_DEFINITIONS = (
					"DEBUG=1",
					"$(inherited)",
				);
				GCC_WARN_64_TO_32_BIT_CONVERSION = YES;
				GCC_WARN_ABOUT_RETURN_TYPE = YES_ERROR;
				GCC_WARN_UNDECLARED_SELECTOR = YES;
				GCC_WARN_UNINITIALIZED_AUTOS = YES_AGGRESSIVE;
				GCC_WARN_UNUSED_FUNCTION = YES;
				GCC_WARN_UNUSED_VARIABLE = YES;
				IPHONEOS_DEPLOYMENT_TARGET = 17.4;
				LOCALIZATION_PREFERS_STRING_CATALOGS = YES;
				MTL_ENABLE_DEBUG_INFO = INCLUDE_SOURCE;
				MTL_FAST_MATH = YES;
				ONLY_ACTIVE_ARCH = YES;
				SDKROOT = iphoneos;
				SWIFT_ACTIVE_COMPILATION_CONDITIONS = "DEBUG $(inherited)";
				SWIFT_OPTIMIZATION_LEVEL = "-Onone";
			};
			name = Debug;
		};
		04B088992C92A7E100047A37 /* Release */ = {
			isa = XCBuildConfiguration;
			buildSettings = {
				ALWAYS_SEARCH_USER_PATHS = NO;
				ASSETCATALOG_COMPILER_GENERATE_SWIFT_ASSET_SYMBOL_EXTENSIONS = YES;
				CLANG_ANALYZER_NONNULL = YES;
				CLANG_ANALYZER_NUMBER_OBJECT_CONVERSION = YES_AGGRESSIVE;
				CLANG_CXX_LANGUAGE_STANDARD = "gnu++20";
				CLANG_ENABLE_MODULES = YES;
				CLANG_ENABLE_OBJC_ARC = YES;
				CLANG_ENABLE_OBJC_WEAK = YES;
				CLANG_WARN_BLOCK_CAPTURE_AUTORELEASING = YES;
				CLANG_WARN_BOOL_CONVERSION = YES;
				CLANG_WARN_COMMA = YES;
				CLANG_WARN_CONSTANT_CONVERSION = YES;
				CLANG_WARN_DEPRECATED_OBJC_IMPLEMENTATIONS = YES;
				CLANG_WARN_DIRECT_OBJC_ISA_USAGE = YES_ERROR;
				CLANG_WARN_DOCUMENTATION_COMMENTS = YES;
				CLANG_WARN_EMPTY_BODY = YES;
				CLANG_WARN_ENUM_CONVERSION = YES;
				CLANG_WARN_INFINITE_RECURSION = YES;
				CLANG_WARN_INT_CONVERSION = YES;
				CLANG_WARN_NON_LITERAL_NULL_CONVERSION = YES;
				CLANG_WARN_OBJC_IMPLICIT_RETAIN_SELF = YES;
				CLANG_WARN_OBJC_LITERAL_CONVERSION = YES;
				CLANG_WARN_OBJC_ROOT_CLASS = YES_ERROR;
				CLANG_WARN_QUOTED_INCLUDE_IN_FRAMEWORK_HEADER = YES;
				CLANG_WARN_RANGE_LOOP_ANALYSIS = YES;
				CLANG_WARN_STRICT_PROTOTYPES = YES;
				CLANG_WARN_SUSPICIOUS_MOVE = YES;
				CLANG_WARN_UNGUARDED_AVAILABILITY = YES_AGGRESSIVE;
				CLANG_WARN_UNREACHABLE_CODE = YES;
				CLANG_WARN__DUPLICATE_METHOD_MATCH = YES;
				COPY_PHASE_STRIP = NO;
				DEBUG_INFORMATION_FORMAT = "dwarf-with-dsym";
				ENABLE_NS_ASSERTIONS = NO;
				ENABLE_STRICT_OBJC_MSGSEND = YES;
				ENABLE_USER_SCRIPT_SANDBOXING = YES;
				GCC_C_LANGUAGE_STANDARD = gnu17;
				GCC_NO_COMMON_BLOCKS = YES;
				GCC_WARN_64_TO_32_BIT_CONVERSION = YES;
				GCC_WARN_ABOUT_RETURN_TYPE = YES_ERROR;
				GCC_WARN_UNDECLARED_SELECTOR = YES;
				GCC_WARN_UNINITIALIZED_AUTOS = YES_AGGRESSIVE;
				GCC_WARN_UNUSED_FUNCTION = YES;
				GCC_WARN_UNUSED_VARIABLE = YES;
				IPHONEOS_DEPLOYMENT_TARGET = 17.4;
				LOCALIZATION_PREFERS_STRING_CATALOGS = YES;
				MTL_ENABLE_DEBUG_INFO = NO;
				MTL_FAST_MATH = YES;
				SDKROOT = iphoneos;
				SWIFT_COMPILATION_MODE = wholemodule;
				VALIDATE_PRODUCT = YES;
			};
			name = Release;
		};
		04B0889B2C92A7E100047A37 /* Debug */ = {
			isa = XCBuildConfiguration;
			buildSettings = {
				ASSETCATALOG_COMPILER_APPICON_NAME = AppIcon;
				ASSETCATALOG_COMPILER_GLOBAL_ACCENT_COLOR_NAME = AccentColor;
				CODE_SIGN_STYLE = Automatic;
				CURRENT_PROJECT_VERSION = 1;
				DEVELOPMENT_ASSET_PATHS = "\"Bambinout/Preview Content\"";
				ENABLE_PREVIEWS = YES;
				GENERATE_INFOPLIST_FILE = YES;
				INFOPLIST_KEY_UIApplicationSceneManifest_Generation = YES;
				INFOPLIST_KEY_UIApplicationSupportsIndirectInputEvents = YES;
				INFOPLIST_KEY_UILaunchScreen_Generation = YES;
				INFOPLIST_KEY_UISupportedInterfaceOrientations_iPad = "UIInterfaceOrientationPortrait UIInterfaceOrientationPortraitUpsideDown UIInterfaceOrientationLandscapeLeft UIInterfaceOrientationLandscapeRight";
				INFOPLIST_KEY_UISupportedInterfaceOrientations_iPhone = "UIInterfaceOrientationPortrait UIInterfaceOrientationLandscapeLeft UIInterfaceOrientationLandscapeRight";
				LD_RUNPATH_SEARCH_PATHS = (
					"$(inherited)",
					"@executable_path/Frameworks",
				);
				MARKETING_VERSION = 1.0;
				PRODUCT_BUNDLE_IDENTIFIER = edw.Bambinout;
				PRODUCT_NAME = "$(TARGET_NAME)";
				SWIFT_EMIT_LOC_STRINGS = YES;
				SWIFT_VERSION = 5.0;
				TARGETED_DEVICE_FAMILY = "1,2";
			};
			name = Debug;
		};
		04B0889C2C92A7E100047A37 /* Release */ = {
			isa = XCBuildConfiguration;
			buildSettings = {
				ASSETCATALOG_COMPILER_APPICON_NAME = AppIcon;
				ASSETCATALOG_COMPILER_GLOBAL_ACCENT_COLOR_NAME = AccentColor;
				CODE_SIGN_STYLE = Automatic;
				CURRENT_PROJECT_VERSION = 1;
				DEVELOPMENT_ASSET_PATHS = "\"Bambinout/Preview Content\"";
				ENABLE_PREVIEWS = YES;
				GENERATE_INFOPLIST_FILE = YES;
				INFOPLIST_KEY_UIApplicationSceneManifest_Generation = YES;
				INFOPLIST_KEY_UIApplicationSupportsIndirectInputEvents = YES;
				INFOPLIST_KEY_UILaunchScreen_Generation = YES;
				INFOPLIST_KEY_UISupportedInterfaceOrientations_iPad = "UIInterfaceOrientationPortrait UIInterfaceOrientationPortraitUpsideDown UIInterfaceOrientationLandscapeLeft UIInterfaceOrientationLandscapeRight";
				INFOPLIST_KEY_UISupportedInterfaceOrientations_iPhone = "UIInterfaceOrientationPortrait UIInterfaceOrientationLandscapeLeft UIInterfaceOrientationLandscapeRight";
				LD_RUNPATH_SEARCH_PATHS = (
					"$(inherited)",
					"@executable_path/Frameworks",
				);
				MARKETING_VERSION = 1.0;
				PRODUCT_BUNDLE_IDENTIFIER = edw.Bambinout;
				PRODUCT_NAME = "$(TARGET_NAME)";
				SWIFT_EMIT_LOC_STRINGS = YES;
				SWIFT_VERSION = 5.0;
				TARGETED_DEVICE_FAMILY = "1,2";
			};
			name = Release;
		};
		04B0889E2C92A7E100047A37 /* Debug */ = {
			isa = XCBuildConfiguration;
			buildSettings = {
				ALWAYS_EMBED_SWIFT_STANDARD_LIBRARIES = YES;
				BUNDLE_LOADER = "$(TEST_HOST)";
				CODE_SIGN_STYLE = Automatic;
				CURRENT_PROJECT_VERSION = 1;
				GENERATE_INFOPLIST_FILE = YES;
				IPHONEOS_DEPLOYMENT_TARGET = 17.4;
				MARKETING_VERSION = 1.0;
				PRODUCT_BUNDLE_IDENTIFIER = edw.BambinoutTests;
				PRODUCT_NAME = "$(TARGET_NAME)";
				SWIFT_EMIT_LOC_STRINGS = NO;
				SWIFT_VERSION = 5.0;
				TARGETED_DEVICE_FAMILY = "1,2";
				TEST_HOST = "$(BUILT_PRODUCTS_DIR)/Bambinout.app/$(BUNDLE_EXECUTABLE_FOLDER_PATH)/Bambinout";
			};
			name = Debug;
		};
		04B0889F2C92A7E100047A37 /* Release */ = {
			isa = XCBuildConfiguration;
			buildSettings = {
				ALWAYS_EMBED_SWIFT_STANDARD_LIBRARIES = YES;
				BUNDLE_LOADER = "$(TEST_HOST)";
				CODE_SIGN_STYLE = Automatic;
				CURRENT_PROJECT_VERSION = 1;
				GENERATE_INFOPLIST_FILE = YES;
				IPHONEOS_DEPLOYMENT_TARGET = 17.4;
				MARKETING_VERSION = 1.0;
				PRODUCT_BUNDLE_IDENTIFIER = edw.BambinoutTests;
				PRODUCT_NAME = "$(TARGET_NAME)";
				SWIFT_EMIT_LOC_STRINGS = NO;
				SWIFT_VERSION = 5.0;
				TARGETED_DEVICE_FAMILY = "1,2";
				TEST_HOST = "$(BUILT_PRODUCTS_DIR)/Bambinout.app/$(BUNDLE_EXECUTABLE_FOLDER_PATH)/Bambinout";
			};
			name = Release;
		};
		04B088A12C92A7E100047A37 /* Debug */ = {
			isa = XCBuildConfiguration;
			buildSettings = {
				ALWAYS_EMBED_SWIFT_STANDARD_LIBRARIES = YES;
				CODE_SIGN_STYLE = Automatic;
				CURRENT_PROJECT_VERSION = 1;
				GENERATE_INFOPLIST_FILE = YES;
				MARKETING_VERSION = 1.0;
				PRODUCT_BUNDLE_IDENTIFIER = edw.BambinoutUITests;
				PRODUCT_NAME = "$(TARGET_NAME)";
				SWIFT_EMIT_LOC_STRINGS = NO;
				SWIFT_VERSION = 5.0;
				TARGETED_DEVICE_FAMILY = "1,2";
				TEST_TARGET_NAME = Bambinout;
			};
			name = Debug;
		};
		04B088A22C92A7E100047A37 /* Release */ = {
			isa = XCBuildConfiguration;
			buildSettings = {
				ALWAYS_EMBED_SWIFT_STANDARD_LIBRARIES = YES;
				CODE_SIGN_STYLE = Automatic;
				CURRENT_PROJECT_VERSION = 1;
				GENERATE_INFOPLIST_FILE = YES;
				MARKETING_VERSION = 1.0;
				PRODUCT_BUNDLE_IDENTIFIER = edw.BambinoutUITests;
				PRODUCT_NAME = "$(TARGET_NAME)";
				SWIFT_EMIT_LOC_STRINGS = NO;
				SWIFT_VERSION = 5.0;
				TARGETED_DEVICE_FAMILY = "1,2";
				TEST_TARGET_NAME = Bambinout;
			};
			name = Release;
		};
/* End XCBuildConfiguration section */

/* Begin XCConfigurationList section */
		04B088712C92A7DF00047A37 /* Build configuration list for PBXProject "Bambinout" */ = {
			isa = XCConfigurationList;
			buildConfigurations = (
				04B088982C92A7E100047A37 /* Debug */,
				04B088992C92A7E100047A37 /* Release */,
			);
			defaultConfigurationIsVisible = 0;
			defaultConfigurationName = Release;
		};
		04B0889A2C92A7E100047A37 /* Build configuration list for PBXNativeTarget "Bambinout" */ = {
			isa = XCConfigurationList;
			buildConfigurations = (
				04B0889B2C92A7E100047A37 /* Debug */,
				04B0889C2C92A7E100047A37 /* Release */,
			);
			defaultConfigurationIsVisible = 0;
			defaultConfigurationName = Release;
		};
		04B0889D2C92A7E100047A37 /* Build configuration list for PBXNativeTarget "BambinoutTests" */ = {
			isa = XCConfigurationList;
			buildConfigurations = (
				04B0889E2C92A7E100047A37 /* Debug */,
				04B0889F2C92A7E100047A37 /* Release */,
			);
			defaultConfigurationIsVisible = 0;
			defaultConfigurationName = Release;
		};
		04B088A02C92A7E100047A37 /* Build configuration list for PBXNativeTarget "BambinoutUITests" */ = {
			isa = XCConfigurationList;
			buildConfigurations = (
				04B088A12C92A7E100047A37 /* Debug */,
				04B088A22C92A7E100047A37 /* Release */,
			);
			defaultConfigurationIsVisible = 0;
			defaultConfigurationName = Release;
		};
/* End XCConfigurationList section */

/* Begin XCVersionGroup section */
		04C62C6E2CA0FF0E008EB805 /* Bambinaut.xcdatamodeld */ = {
			isa = XCVersionGroup;
			children = (
				04C62C6F2CA0FF0E008EB805 /* Bambinaut.xcdatamodel */,
			);
			currentVersion = 04C62C6F2CA0FF0E008EB805 /* Bambinaut.xcdatamodel */;
			name = Bambinaut.xcdatamodeld;
			path = "/Users/mac/Documents/xcode/bambinaut-foundation-ios/Bambinout/Bambinaut.xcdatamodeld";
			sourceTree = "<group>";
			versionGroupType = wrapper.xcdatamodel;
		};
/* End XCVersionGroup section */
	};
	rootObject = 04B0886E2C92A7DF00047A37 /* Project object */;
}
